
Microsoft Visual Studio Solution File, Format Version 12.00
# Visual Studio Version 17
VisualStudioVersion = 17.4.33213.308
MinimumVisualStudioVersion = 10.0.40219.1
Project("{FAE04EC0-301F-11D3-BF4B-00C04F79EFBC}") = "PschoolAPI", "PschoolAPI\PschoolAPI.csproj", "{596EB5BA-D8EC-4B60-8ECD-5DEE5859D820}"
EndProject
Project("{FAE04EC0-301F-11D3-BF4B-00C04F79EFBC}") = "Pschool.Business", "BusinessLayer\Pschool.Business.csproj", "{EE35EAAC-0215-48FF-A896-B40FC91CB3EF}"
EndProject
Project("{FAE04EC0-301F-11D3-BF4B-00C04F79EFBC}") = "Pschool.DAL", "Pschool.DAL\Pschool.DAL.csproj", "{99954AFE-CABB-4B34-A0C9-C9932BA6C497}"
EndProject
Global
	GlobalSection(SolutionConfigurationPlatforms) = preSolution
		Debug|Any CPU = Debug|Any CPU
		Release|Any CPU = Release|Any CPU
	EndGlobalSection
	GlobalSection(ProjectConfigurationPlatforms) = postSolution
		{596EB5BA-D8EC-4B60-8ECD-5DEE5859D820}.Debug|Any CPU.ActiveCfg = Debug|Any CPU
		{596EB5BA-D8EC-4B60-8ECD-5DEE5859D820}.Debug|Any CPU.Build.0 = Debug|Any CPU
		{596EB5BA-D8EC-4B60-8ECD-5DEE5859D820}.Release|Any CPU.ActiveCfg = Release|Any CPU
		{596EB5BA-D8EC-4B60-8ECD-5DEE5859D820}.Release|Any CPU.Build.0 = Release|Any CPU
		{EE35EAAC-0215-48FF-A896-B40FC91CB3EF}.Debug|Any CPU.ActiveCfg = Debug|Any CPU
		{EE35EAAC-0215-48FF-A896-B40FC91CB3EF}.Debug|Any CPU.Build.0 = Debug|Any CPU
		{EE35EAAC-0215-48FF-A896-B40FC91CB3EF}.Release|Any CPU.ActiveCfg = Release|Any CPU
		{EE35EAAC-0215-48FF-A896-B40FC91CB3EF}.Release|Any CPU.Build.0 = Release|Any CPU
		{99954AFE-CABB-4B34-A0C9-C9932BA6C497}.Debug|Any CPU.ActiveCfg = Debug|Any CPU
		{99954AFE-CABB-4B34-A0C9-C9932BA6C497}.Debug|Any CPU.Build.0 = Debug|Any CPU
		{99954AFE-CABB-4B34-A0C9-C9932BA6C497}.Release|Any CPU.ActiveCfg = Release|Any CPU
		{99954AFE-CABB-4B34-A0C9-C9932BA6C497}.Release|Any CPU.Build.0 = Release|Any CPU
	EndGlobalSection
	GlobalSection(SolutionProperties) = preSolution
		HideSolutionNode = FALSE
	EndGlobalSection
	GlobalSection(ExtensibilityGlobals) = postSolution
		SolutionGuid = {E463DB25-750E-4C38-9EA1-BD9946EAE50F}
	EndGlobalSection
EndGlobal
